
Microsoft Visual Studio Solution File, Format Version 12.00
# Visual Studio 15
VisualStudioVersion = 15.0.26730.3
MinimumVisualStudioVersion = 10.0.40219.1
Project("{FAE04EC0-301F-11D3-BF4B-00C04F79EFBC}") = "ShoppingStore", "ShoppingStore\ShoppingStore.csproj", "{3AB7808D-BA8D-4C42-B49E-5528CEE409CB}"
EndProject
Global
	GlobalSection(SolutionConfigurationPlatforms) = preSolution
		Debug|Any CPU = Debug|Any CPU
		Release|Any CPU = Release|Any CPU
	EndGlobalSection
	GlobalSection(ProjectConfigurationPlatforms) = postSolution
		{3AB7808D-BA8D-4C42-B49E-5528CEE409CB}.Debug|Any CPU.ActiveCfg = Debug|Any CPU
		{3AB7808D-BA8D-4C42-B49E-5528CEE409CB}.Debug|Any CPU.Build.0 = Debug|Any CPU
		{3AB7808D-BA8D-4C42-B49E-5528CEE409CB}.Release|Any CPU.ActiveCfg = Release|Any CPU
		{3AB7808D-BA8D-4C42-B49E-5528CEE409CB}.Release|Any CPU.Build.0 = Release|Any CPU
	EndGlobalSection
	GlobalSection(SolutionProperties) = preSolution
		HideSolutionNode = FALSE
	EndGlobalSection
	GlobalSection(ExtensibilityGlobals) = postSolution
		SolutionGuid = {BBB29F4E-A646-415E-B406-2E3A5F890C3A}
	EndGlobalSection
EndGlobal
